
Microsoft Visual Studio Solution File, Format Version 12.00
# Visual Studio Version 16
VisualStudioVersion = 16.0.29613.14
MinimumVisualStudioVersion = 10.0.40219.1
Project("{FAE04EC0-301F-11D3-BF4B-00C04F79EFBC}") = "HolaMundo.Android", "HolaMundo\HolaMundo.Android\HolaMundo.Android.csproj", "{AB0DAB93-87DA-4A55-8B40-CFEC74F28926}"
EndProject
Project("{FAE04EC0-301F-11D3-BF4B-00C04F79EFBC}") = "HolaMundo.iOS", "HolaMundo\HolaMundo.iOS\HolaMundo.iOS.csproj", "{B9DEF0FB-90D1-4F5E-AB54-B075A0CC6711}"
EndProject
Project("{FAE04EC0-301F-11D3-BF4B-00C04F79EFBC}") = "HolaMundo", "HolaMundo\HolaMundo\HolaMundo.csproj", "{1168C2DA-84D3-442D-A838-0E3D021603E6}"
EndProject
Global
	GlobalSection(SolutionConfigurationPlatforms) = preSolution
		Debug|Any CPU = Debug|Any CPU
		Debug|ARM = Debug|ARM
		Debug|iPhone = Debug|iPhone
		Debug|iPhoneSimulator = Debug|iPhoneSimulator
		Debug|x64 = Debug|x64
		Debug|x86 = Debug|x86
		Release|Any CPU = Release|Any CPU
		Release|ARM = Release|ARM
		Release|iPhone = Release|iPhone
		Release|iPhoneSimulator = Release|iPhoneSimulator
		Release|x64 = Release|x64
		Release|x86 = Release|x86
	EndGlobalSection
	GlobalSection(ProjectConfigurationPlatforms) = postSolution
		{AB0DAB93-87DA-4A55-8B40-CFEC74F28926}.Debug|Any CPU.ActiveCfg = Debug|Any CPU
		{AB0DAB93-87DA-4A55-8B40-CFEC74F28926}.Debug|Any CPU.Build.0 = Debug|Any CPU
		{AB0DAB93-87DA-4A55-8B40-CFEC74F28926}.Debug|Any CPU.Deploy.0 = Debug|Any CPU
		{AB0DAB93-87DA-4A55-8B40-CFEC74F28926}.Debug|ARM.ActiveCfg = Debug|Any CPU
		{AB0DAB93-87DA-4A55-8B40-CFEC74F28926}.Debug|ARM.Build.0 = Debug|Any CPU
		{AB0DAB93-87DA-4A55-8B40-CFEC74F28926}.Debug|ARM.Deploy.0 = Debug|Any CPU
		{AB0DAB93-87DA-4A55-8B40-CFEC74F28926}.Debug|iPhone.ActiveCfg = Debug|Any CPU
		{AB0DAB93-87DA-4A55-8B40-CFEC74F28926}.Debug|iPhone.Build.0 = Debug|Any CPU
		{AB0DAB93-87DA-4A55-8B40-CFEC74F28926}.Debug|iPhone.Deploy.0 = Debug|Any CPU
		{AB0DAB93-87DA-4A55-8B40-CFEC74F28926}.Debug|iPhoneSimulator.ActiveCfg = Debug|Any CPU
		{AB0DAB93-87DA-4A55-8B40-CFEC74F28926}.Debug|iPhoneSimulator.Build.0 = Debug|Any CPU
		{AB0DAB93-87DA-4A55-8B40-CFEC74F28926}.Debug|iPhoneSimulator.Deploy.0 = Debug|Any CPU
		{AB0DAB93-87DA-4A55-8B40-CFEC74F28926}.Debug|x64.ActiveCfg = Debug|Any CPU
		{AB0DAB93-87DA-4A55-8B40-CFEC74F28926}.Debug|x64.Build.0 = Debug|Any CPU
		{AB0DAB93-87DA-4A55-8B40-CFEC74F28926}.Debug|x64.Deploy.0 = Debug|Any CPU
		{AB0DAB93-87DA-4A55-8B40-CFEC74F28926}.Debug|x86.ActiveCfg = Debug|Any CPU
		{AB0DAB93-87DA-4A55-8B40-CFEC74F28926}.Debug|x86.Build.0 = Debug|Any CPU
		{AB0DAB93-87DA-4A55-8B40-CFEC74F28926}.Debug|x86.Deploy.0 = Debug|Any CPU
		{AB0DAB93-87DA-4A55-8B40-CFEC74F28926}.Release|Any CPU.ActiveCfg = Release|Any CPU
		{AB0DAB93-87DA-4A55-8B40-CFEC74F28926}.Release|Any CPU.Build.0 = Release|Any CPU
		{AB0DAB93-87DA-4A55-8B40-CFEC74F28926}.Release|Any CPU.Deploy.0 = Release|Any CPU
		{AB0DAB93-87DA-4A55-8B40-CFEC74F28926}.Release|ARM.ActiveCfg = Release|Any CPU
		{AB0DAB93-87DA-4A55-8B40-CFEC74F28926}.Release|ARM.Build.0 = Release|Any CPU
		{AB0DAB93-87DA-4A55-8B40-CFEC74F28926}.Release|ARM.Deploy.0 = Release|Any CPU
		{AB0DAB93-87DA-4A55-8B40-CFEC74F28926}.Release|iPhone.ActiveCfg = Release|Any CPU
		{AB0DAB93-87DA-4A55-8B40-CFEC74F28926}.Release|iPhone.Build.0 = Release|Any CPU
		{AB0DAB93-87DA-4A55-8B40-CFEC74F28926}.Release|iPhone.Deploy.0 = Release|Any CPU
		{AB0DAB93-87DA-4A55-8B40-CFEC74F28926}.Release|iPhoneSimulator.ActiveCfg = Release|Any CPU
		{AB0DAB93-87DA-4A55-8B40-CFEC74F28926}.Release|iPhoneSimulator.Build.0 = Release|Any CPU
		{AB0DAB93-87DA-4A55-8B40-CFEC74F28926}.Release|iPhoneSimulator.Deploy.0 = Release|Any CPU
		{AB0DAB93-87DA-4A55-8B40-CFEC74F28926}.Release|x64.ActiveCfg = Release|Any CPU
		{AB0DAB93-87DA-4A55-8B40-CFEC74F28926}.Release|x64.Build.0 = Release|Any CPU
		{AB0DAB93-87DA-4A55-8B40-CFEC74F28926}.Release|x64.Deploy.0 = Release|Any CPU
		{AB0DAB93-87DA-4A55-8B40-CFEC74F28926}.Release|x86.ActiveCfg = Release|Any CPU
		{AB0DAB93-87DA-4A55-8B40-CFEC74F28926}.Release|x86.Build.0 = Release|Any CPU
		{AB0DAB93-87DA-4A55-8B40-CFEC74F28926}.Release|x86.Deploy.0 = Release|Any CPU
		{B9DEF0FB-90D1-4F5E-AB54-B075A0CC6711}.Debug|Any CPU.ActiveCfg = Debug|iPhone
		{B9DEF0FB-90D1-4F5E-AB54-B075A0CC6711}.Debug|Any CPU.Build.0 = Debug|iPhone
		{B9DEF0FB-90D1-4F5E-AB54-B075A0CC6711}.Debug|Any CPU.Deploy.0 = Debug|iPhone
		{B9DEF0FB-90D1-4F5E-AB54-B075A0CC6711}.Debug|ARM.ActiveCfg = Debug|iPhoneSimulator
		{B9DEF0FB-90D1-4F5E-AB54-B075A0CC6711}.Debug|ARM.Build.0 = Debug|iPhoneSimulator
		{B9DEF0FB-90D1-4F5E-AB54-B075A0CC6711}.Debug|ARM.Deploy.0 = Debug|iPhoneSimulator
		{B9DEF0FB-90D1-4F5E-AB54-B075A0CC6711}.Debug|iPhone.ActiveCfg = Debug|iPhone
		{B9DEF0FB-90D1-4F5E-AB54-B075A0CC6711}.Debug|iPhone.Build.0 = Debug|iPhone
		{B9DEF0FB-90D1-4F5E-AB54-B075A0CC6711}.Debug|iPhone.Deploy.0 = Debug|iPhone
		{B9DEF0FB-90D1-4F5E-AB54-B075A0CC6711}.Debug|iPhoneSimulator.ActiveCfg = Debug|iPhoneSimulator
		{B9DEF0FB-90D1-4F5E-AB54-B075A0CC6711}.Debug|iPhoneSimulator.Build.0 = Debug|iPhoneSimulator
		{B9DEF0FB-90D1-4F5E-AB54-B075A0CC6711}.Debug|iPhoneSimulator.Deploy.0 = Debug|iPhoneSimulator
		{B9DEF0FB-90D1-4F5E-AB54-B075A0CC6711}.Debug|x64.ActiveCfg = Debug|iPhone
		{B9DEF0FB-90D1-4F5E-AB54-B075A0CC6711}.Debug|x64.Build.0 = Debug|iPhone
		{B9DEF0FB-90D1-4F5E-AB54-B075A0CC6711}.Debug|x64.Deploy.0 = Debug|iPhone
		{B9DEF0FB-90D1-4F5E-AB54-B075A0CC6711}.Debug|x86.ActiveCfg = Debug|iPhone
		{B9DEF0FB-90D1-4F5E-AB54-B075A0CC6711}.Debug|x86.Build.0 = Debug|iPhone
		{B9DEF0FB-90D1-4F5E-AB54-B075A0CC6711}.Debug|x86.Deploy.0 = Debug|iPhone
		{B9DEF0FB-90D1-4F5E-AB54-B075A0CC6711}.Release|Any CPU.ActiveCfg = Release|iPhone
		{B9DEF0FB-90D1-4F5E-AB54-B075A0CC6711}.Release|Any CPU.Build.0 = Release|iPhone
		{B9DEF0FB-90D1-4F5E-AB54-B075A0CC6711}.Release|Any CPU.Deploy.0 = Release|iPhone
		{B9DEF0FB-90D1-4F5E-AB54-B075A0CC6711}.Release|ARM.ActiveCfg = Release|iPhone
		{B9DEF0FB-90D1-4F5E-AB54-B075A0CC6711}.Release|ARM.Build.0 = Release|iPhone
		{B9DEF0FB-90D1-4F5E-AB54-B075A0CC6711}.Release|ARM.Deploy.0 = Release|iPhone
		{B9DEF0FB-90D1-4F5E-AB54-B075A0CC6711}.Release|iPhone.ActiveCfg = Release|iPhone
		{B9DEF0FB-90D1-4F5E-AB54-B075A0CC6711}.Release|iPhone.Build.0 = Release|iPhone
		{B9DEF0FB-90D1-4F5E-AB54-B075A0CC6711}.Release|iPhone.Deploy.0 = Release|iPhone
		{B9DEF0FB-90D1-4F5E-AB54-B075A0CC6711}.Release|iPhoneSimulator.ActiveCfg = Release|iPhoneSimulator
		{B9DEF0FB-90D1-4F5E-AB54-B075A0CC6711}.Release|iPhoneSimulator.Build.0 = Release|iPhoneSimulator
		{B9DEF0FB-90D1-4F5E-AB54-B075A0CC6711}.Release|iPhoneSimulator.Deploy.0 = Release|iPhoneSimulator
		{B9DEF0FB-90D1-4F5E-AB54-B075A0CC6711}.Release|x64.ActiveCfg = Release|iPhone
		{B9DEF0FB-90D1-4F5E-AB54-B075A0CC6711}.Release|x64.Build.0 = Release|iPhone
		{B9DEF0FB-90D1-4F5E-AB54-B075A0CC6711}.Release|x64.Deploy.0 = Release|iPhone
		{B9DEF0FB-90D1-4F5E-AB54-B075A0CC6711}.Release|x86.ActiveCfg = Release|iPhone
		{B9DEF0FB-90D1-4F5E-AB54-B075A0CC6711}.Release|x86.Build.0 = Release|iPhone
		{B9DEF0FB-90D1-4F5E-AB54-B075A0CC6711}.Release|x86.Deploy.0 = Release|iPhone
		{1168C2DA-84D3-442D-A838-0E3D021603E6}.Debug|Any CPU.ActiveCfg = Debug|Any CPU
		{1168C2DA-84D3-442D-A838-0E3D021603E6}.Debug|Any CPU.Build.0 = Debug|Any CPU
		{1168C2DA-84D3-442D-A838-0E3D021603E6}.Debug|Any CPU.Deploy.0 = Debug|Any CPU
		{1168C2DA-84D3-442D-A838-0E3D021603E6}.Debug|ARM.ActiveCfg = Debug|Any CPU
		{1168C2DA-84D3-442D-A838-0E3D021603E6}.Debug|ARM.Build.0 = Debug|Any CPU
		{1168C2DA-84D3-442D-A838-0E3D021603E6}.Debug|ARM.Deploy.0 = Debug|Any CPU
		{1168C2DA-84D3-442D-A838-0E3D021603E6}.Debug|iPhone.ActiveCfg = Debug|Any CPU
		{1168C2DA-84D3-442D-A838-0E3D021603E6}.Debug|iPhone.Build.0 = Debug|Any CPU
		{1168C2DA-84D3-442D-A838-0E3D021603E6}.Debug|iPhone.Deploy.0 = Debug|Any CPU
		{1168C2DA-84D3-442D-A838-0E3D021603E6}.Debug|iPhoneSimulator.ActiveCfg = Debug|Any CPU
		{1168C2DA-84D3-442D-A838-0E3D021603E6}.Debug|iPhoneSimulator.Build.0 = Debug|Any CPU
		{1168C2DA-84D3-442D-A838-0E3D021603E6}.Debug|iPhoneSimulator.Deploy.0 = Debug|Any CPU
		{1168C2DA-84D3-442D-A838-0E3D021603E6}.Debug|x64.ActiveCfg = Debug|Any CPU
		{1168C2DA-84D3-442D-A838-0E3D021603E6}.Debug|x64.Build.0 = Debug|Any CPU
		{1168C2DA-84D3-442D-A838-0E3D021603E6}.Debug|x64.Deploy.0 = Debug|Any CPU
		{1168C2DA-84D3-442D-A838-0E3D021603E6}.Debug|x86.ActiveCfg = Debug|Any CPU
		{1168C2DA-84D3-442D-A838-0E3D021603E6}.Debug|x86.Build.0 = Debug|Any CPU
		{1168C2DA-84D3-442D-A838-0E3D021603E6}.Debug|x86.Deploy.0 = Debug|Any CPU
		{1168C2DA-84D3-442D-A838-0E3D021603E6}.Release|Any CPU.ActiveCfg = Release|Any CPU
		{1168C2DA-84D3-442D-A838-0E3D021603E6}.Release|Any CPU.Build.0 = Release|Any CPU
		{1168C2DA-84D3-442D-A838-0E3D021603E6}.Release|Any CPU.Deploy.0 = Release|Any CPU
		{1168C2DA-84D3-442D-A838-0E3D021603E6}.Release|ARM.ActiveCfg = Release|Any CPU
		{1168C2DA-84D3-442D-A838-0E3D021603E6}.Release|ARM.Build.0 = Release|Any CPU
		{1168C2DA-84D3-442D-A838-0E3D021603E6}.Release|ARM.Deploy.0 = Release|Any CPU
		{1168C2DA-84D3-442D-A838-0E3D021603E6}.Release|iPhone.ActiveCfg = Release|Any CPU
		{1168C2DA-84D3-442D-A838-0E3D021603E6}.Release|iPhone.Build.0 = Release|Any CPU
		{1168C2DA-84D3-442D-A838-0E3D021603E6}.Release|iPhone.Deploy.0 = Release|Any CPU
		{1168C2DA-84D3-442D-A838-0E3D021603E6}.Release|iPhoneSimulator.ActiveCfg = Release|Any CPU
		{1168C2DA-84D3-442D-A838-0E3D021603E6}.Release|iPhoneSimulator.Build.0 = Release|Any CPU
		{1168C2DA-84D3-442D-A838-0E3D021603E6}.Release|iPhoneSimulator.Deploy.0 = Release|Any CPU
		{1168C2DA-84D3-442D-A838-0E3D021603E6}.Release|x64.ActiveCfg = Release|Any CPU
		{1168C2DA-84D3-442D-A838-0E3D021603E6}.Release|x64.Build.0 = Release|Any CPU
		{1168C2DA-84D3-442D-A838-0E3D021603E6}.Release|x64.Deploy.0 = Release|Any CPU
		{1168C2DA-84D3-442D-A838-0E3D021603E6}.Release|x86.ActiveCfg = Release|Any CPU
		{1168C2DA-84D3-442D-A838-0E3D021603E6}.Release|x86.Build.0 = Release|Any CPU
		{1168C2DA-84D3-442D-A838-0E3D021603E6}.Release|x86.Deploy.0 = Release|Any CPU
	EndGlobalSection
	GlobalSection(SolutionProperties) = preSolution
		HideSolutionNode = FALSE
	EndGlobalSection
	GlobalSection(ExtensibilityGlobals) = postSolution
		SolutionGuid = {83D33A35-E445-44D6-9CFD-34592185864B}
	EndGlobalSection
EndGlobal
